
Microsoft Visual Studio Solution File, Format Version 12.00
# Visual Studio Version 16
VisualStudioVersion = 16.0.29020.237
MinimumVisualStudioVersion = 10.0.40219.1

Project("{2150E333-8FDC-42A3-9474-1A3956D46DE8}") = "src", "src", "{14550F94-CB5A-40D1-95C7-6DBEFA3E96AC}"
EndProject
Project("{9A19103F-16F7-4668-BE54-9A1E7A4F7556}") = "War3Net.Build", "src\War3Net.Build\War3Net.Build.csproj", "{1EDC8582-2B2C-4CBD-93FB-E4CBD85DC8CD}"
EndProject
Project("{9A19103F-16F7-4668-BE54-9A1E7A4F7556}") = "War3Net.Build.Core", "src\War3Net.Build.Core\War3Net.Build.Core.csproj", "{D0149A53-7CED-4D50-9A9C-42EE41688829}"
EndProject
Project("{9A19103F-16F7-4668-BE54-9A1E7A4F7556}") = "War3Net.CodeAnalysis.Decompilers", "src\War3Net.CodeAnalysis.Decompilers\War3Net.CodeAnalysis.Decompilers.csproj", "{64A4A189-398F-4A73-B770-D50A7EF1D8B3}"
EndProject
Project("{9A19103F-16F7-4668-BE54-9A1E7A4F7556}") = "War3Net.CodeAnalysis.Jass", "src\War3Net.CodeAnalysis.Jass\War3Net.CodeAnalysis.Jass.csproj", "{7C1425CC-E4C4-4EBF-B645-22D4775DC03A}"
EndProject
Project("{9A19103F-16F7-4668-BE54-9A1E7A4F7556}") = "War3Net.CodeAnalysis.Transpilers", "src\War3Net.CodeAnalysis.Transpilers\War3Net.CodeAnalysis.Transpilers.csproj", "{3B5CB7A3-EAA7-47A5-9866-DC692541EEC3}"
EndProject
Project("{9A19103F-16F7-4668-BE54-9A1E7A4F7556}") = "War3Net.Common", "src\War3Net.Common\War3Net.Common.csproj", "{2BB2862E-F10C-48DD-97C2-B508E425BD5E}"
EndProject
Project("{9A19103F-16F7-4668-BE54-9A1E7A4F7556}") = "War3Net.Drawing.Blp", "src\War3Net.Drawing.Blp\War3Net.Drawing.Blp.csproj", "{75A5929C-4828-4C97-858C-0893840C27C8}"
EndProject
Project("{9A19103F-16F7-4668-BE54-9A1E7A4F7556}") = "War3Net.IO.Compression", "src\War3Net.IO.Compression\War3Net.IO.Compression.csproj", "{E7055A8C-A27B-4AC4-91EB-70DA65D4C385}"
EndProject
Project("{9A19103F-16F7-4668-BE54-9A1E7A4F7556}") = "War3Net.IO.Mpq", "src\War3Net.IO.Mpq\War3Net.IO.Mpq.csproj", "{BB33E313-B458-45AE-A18E-C0978C14CC43}"
EndProject
Project("{9A19103F-16F7-4668-BE54-9A1E7A4F7556}") = "War3Net.IO.Slk", "src\War3Net.IO.Slk\War3Net.IO.Slk.csproj", "{D1328289-F479-4181-8528-142A6AA50D8B}"
EndProject
Project("{9A19103F-16F7-4668-BE54-9A1E7A4F7556}") = "War3Net.Modeling", "src\War3Net.Modeling\War3Net.Modeling.csproj", "{C22C827D-7D88-4E6D-AC8A-2692979E2E53}"
EndProject
Project("{9A19103F-16F7-4668-BE54-9A1E7A4F7556}") = "War3Net.Rendering", "src\War3Net.Rendering\War3Net.Rendering.csproj", "{D769C1C7-543A-43CC-B5BA-9810066FC37A}"
EndProject
Project("{9A19103F-16F7-4668-BE54-9A1E7A4F7556}") = "War3Net.Replay", "src\War3Net.Replay\War3Net.Replay.csproj", "{B158ED8F-9BFE-46FD-A39C-C3102CA52C95}"
EndProject
Project("{9A19103F-16F7-4668-BE54-9A1E7A4F7556}") = "War3Net.Runtime", "src\War3Net.Runtime\War3Net.Runtime.csproj", "{4A28E76B-DBA7-47A0-AF60-82AB72DA4CE1}"
EndProject
Project("{9A19103F-16F7-4668-BE54-9A1E7A4F7556}") = "War3Net.Runtime.Api.Blizzard", "src\War3Net.Runtime.Api.Blizzard\War3Net.Runtime.Api.Blizzard.csproj", "{059EB9A6-AAD2-4A05-AFC2-EB8EF5B15AF9}"
EndProject
Project("{9A19103F-16F7-4668-BE54-9A1E7A4F7556}") = "War3Net.Runtime.Api.Common", "src\War3Net.Runtime.Api.Common\War3Net.Runtime.Api.Common.csproj", "{6CEF015B-2711-47D9-BF80-5029AFDBCD56}"
EndProject
Project("{9A19103F-16F7-4668-BE54-9A1E7A4F7556}") = "War3Net.Runtime.Core", "src\War3Net.Runtime.Core\War3Net.Runtime.Core.csproj", "{3D4A9962-8F62-4783-A01D-9F15970F3B3A}"
EndProject

Project("{2150E333-8FDC-42A3-9474-1A3956D46DE8}") = "tests", "tests", "{11A2CA17-F0A5-416A-B80D-794D67A49891}"
EndProject
Project("{9A19103F-16F7-4668-BE54-9A1E7A4F7556}") = "War3Net.Build.Tests", "tests\War3Net.Build.Tests\War3Net.Build.Tests.csproj", "{BC48D49B-4C20-4122-BD31-D88B2421DAD8}"
EndProject
Project("{9A19103F-16F7-4668-BE54-9A1E7A4F7556}") = "War3Net.Build.Core.Tests", "tests\War3Net.Build.Core.Tests\War3Net.Build.Core.Tests.csproj", "{C3305DA3-271C-472A-A873-B9DF0DF237CD}"
EndProject
Project("{9A19103F-16F7-4668-BE54-9A1E7A4F7556}") = "War3Net.CodeAnalysis.Decompilers.Tests", "tests\War3Net.CodeAnalysis.Decompilers.Tests\War3Net.CodeAnalysis.Decompilers.Tests.csproj", "{09465B00-FAE7-4329-895C-184A5628C6E5}"
EndProject
Project("{9A19103F-16F7-4668-BE54-9A1E7A4F7556}") = "War3Net.CodeAnalysis.Jass.Tests", "tests\War3Net.CodeAnalysis.Jass.Tests\War3Net.CodeAnalysis.Jass.Tests.csproj", "{6A8D67F1-D8C1-410D-A894-0F918E65F5C3}"
EndProject
Project("{9A19103F-16F7-4668-BE54-9A1E7A4F7556}") = "War3Net.CodeAnalysis.Transpilers.Tests", "tests\War3Net.CodeAnalysis.Transpilers.Tests\War3Net.CodeAnalysis.Transpilers.Tests.csproj", "{CC45BB6F-FAE6-4E89-A184-025221BD0CBA}"
EndProject
Project("{9A19103F-16F7-4668-BE54-9A1E7A4F7556}") = "War3Net.Common.Tests", "tests\War3Net.Common.Tests\War3Net.Common.Tests.csproj", "{946A1A91-2643-412C-BE53-FEDEAE0B9C39}"
EndProject
Project("{9A19103F-16F7-4668-BE54-9A1E7A4F7556}") = "War3Net.Drawing.Blp.Tests", "tests\War3Net.Drawing.Blp.Tests\War3Net.Drawing.Blp.Tests.csproj", "{F5FBAAFE-0010-4333-8D34-39ACF94B6D52}"
EndProject
Project("{9A19103F-16F7-4668-BE54-9A1E7A4F7556}") = "War3Net.IO.Compression.Tests", "tests\War3Net.IO.Compression.Tests\War3Net.IO.Compression.Tests.csproj", "{491F3BD8-659E-4C07-9D8F-4593B0E7A0A9}"
EndProject
Project("{9A19103F-16F7-4668-BE54-9A1E7A4F7556}") = "War3Net.IO.Mpq.Tests", "tests\War3Net.IO.Mpq.Tests\War3Net.IO.Mpq.Tests.csproj", "{09C7D345-4AD5-431B-8D2D-E0F766C89196}"
EndProject
Project("{9A19103F-16F7-4668-BE54-9A1E7A4F7556}") = "War3Net.IO.Slk.Tests", "tests\War3Net.IO.Slk.Tests\War3Net.IO.Slk.Tests.csproj", "{6824E77A-F57A-4899-B862-BA35B2B12958}"
EndProject
Project("{9A19103F-16F7-4668-BE54-9A1E7A4F7556}") = "War3Net.Modeling.Tests", "tests\War3Net.Modeling.Tests\War3Net.Modeling.Tests.csproj", "{76E0C475-8882-4675-BCBB-B79B2291D5C5}"
EndProject
Project("{9A19103F-16F7-4668-BE54-9A1E7A4F7556}") = "War3Net.Rendering.Tests", "tests\War3Net.Rendering.Tests\War3Net.Rendering.Tests.csproj", "{7ECDE15C-B8A0-4DBC-8C29-EFFEB04449F6}"
EndProject
Project("{9A19103F-16F7-4668-BE54-9A1E7A4F7556}") = "War3Net.Replay.Tests", "tests\War3Net.Replay.Tests\War3Net.Replay.Tests.csproj", "{B9D05909-690F-47DB-8AD5-BC26DB3D9918}"
EndProject
Project("{9A19103F-16F7-4668-BE54-9A1E7A4F7556}") = "War3Net.Runtime.Tests", "tests\War3Net.Runtime.Tests\War3Net.Runtime.Tests.csproj", "{CF0BC392-23CC-4C63-BE1C-7B8D338EA08F}"
EndProject
Project("{9A19103F-16F7-4668-BE54-9A1E7A4F7556}") = "War3Net.Runtime.Api.Blizzard.Tests", "tests\War3Net.Runtime.Api.Blizzard.Tests\War3Net.Runtime.Api.Blizzard.Tests.csproj", "{551E2D80-CD07-43D5-A62F-78B5F9CEC901}"
EndProject
Project("{9A19103F-16F7-4668-BE54-9A1E7A4F7556}") = "War3Net.Runtime.Api.Common.Tests", "tests\War3Net.Runtime.Api.Common.Tests\War3Net.Runtime.Api.Common.Tests.csproj", "{BA4DA988-4335-40FC-85A4-906E7B67B955}"
EndProject
Project("{9A19103F-16F7-4668-BE54-9A1E7A4F7556}") = "War3Net.Runtime.Core.Tests", "tests\War3Net.Runtime.Core.Tests\War3Net.Runtime.Core.Tests.csproj", "{8B06B247-8D3A-491A-8275-6A2AB6DAFAB6}"
EndProject
Project("{9A19103F-16F7-4668-BE54-9A1E7A4F7556}") = "War3Net.TestTools.UnitTesting", "tests\War3Net.TestTools.UnitTesting\War3Net.TestTools.UnitTesting.csproj", "{46DD6F2E-B864-4E30-B3EC-8EEFD1049E27}"
EndProject

Project("{2150E333-8FDC-42A3-9474-1A3956D46DE8}") = "perf", "perf", "{A43B6E7E-5DCB-4CC4-9FB5-51F9FC3A69E9}"
EndProject
Project("{9A19103F-16F7-4668-BE54-9A1E7A4F7556}") = "War3Net.CodeAnalysis.Jass.Benchmarks", "perf\War3Net.CodeAnalysis.Jass.Benchmarks\War3Net.CodeAnalysis.Jass.Benchmarks.csproj", "{17735E26-A27E-42E1-ACC0-6C663207BA97}"
EndProject
Project("{9A19103F-16F7-4668-BE54-9A1E7A4F7556}") = "War3Net.Drawing.Blp.Benchmarks", "perf\War3Net.Drawing.Blp.Benchmarks\War3Net.Drawing.Blp.Benchmarks.csproj", "{B69FBE66-5A00-4ECA-92C9-DEC996655F4E}"
EndProject
Project("{9A19103F-16F7-4668-BE54-9A1E7A4F7556}") = "War3Net.Modeling.Benchmarks", "perf\War3Net.Modeling.Benchmarks\War3Net.Modeling.Benchmarks.csproj", "{A3C35C70-B08C-4673-8120-A3D31B7F81CE}"
EndProject
Project("{9A19103F-16F7-4668-BE54-9A1E7A4F7556}") = "War3Net.Runtime.Benchmarks", "perf\War3Net.Runtime.Benchmarks\War3Net.Runtime.Benchmarks.csproj", "{020F9BD0-FE06-4575-8952-82090673A0DD}"
EndProject

Project("{2150E333-8FDC-42A3-9474-1A3956D46DE8}") = "submodules", "submodules", "{F40BB975-CDB3-46FC-B152-B9F107CD3476}"
EndProject
Project("{9A19103F-16F7-4668-BE54-9A1E7A4F7556}") = "CSharp.lua", "submodules\CSharp.lua\CSharp.lua\CSharp.lua.csproj", "{95DF76BF-DA2D-4AC0-84F6-C3A7C7E36448}"
EndProject
Project("{9A19103F-16F7-4668-BE54-9A1E7A4F7556}") = "CSharp.lua.CoreSystem", "submodules\CSharp.lua\CSharp.lua.CoreSystem\CSharp.lua.CoreSystem.csproj", "{E1533516-FE29-4F48-A402-4308E8CC3882}"
EndProject
Project("{9A19103F-16F7-4668-BE54-9A1E7A4F7556}") = "FastMDX", "submodules\FastMDX\FastMDX\FastMDX.csproj", "{81EC1CD4-62F5-4657-8901-CA2AA18D026C}"
EndProject

Project("{2150E333-8FDC-42A3-9474-1A3956D46DE8}") = "build", "build", "{3A0E70D5-5C24-46F6-A268-63D2737C47EF}"
	ProjectSection(SolutionItems) = preProject
		Directory.Build.props = Directory.Build.props
	EndProjectSection
EndProject

Project("{2150E333-8FDC-42A3-9474-1A3956D46DE8}") = "docs", "docs", "{A475185A-E870-4E08-A1D5-E9AC49D55811}"
	ProjectSection(SolutionItems) = preProject
		README.md = README.md
	EndProjectSection
EndProject

Global
	GlobalSection(SolutionConfigurationPlatforms) = preSolution
		Debug|Any CPU = Debug|Any CPU
		Release|Any CPU = Release|Any CPU
	EndGlobalSection
	GlobalSection(ProjectConfigurationPlatforms) = postSolution
	
# src
# War3Net.Build
		{1EDC8582-2B2C-4CBD-93FB-E4CBD85DC8CD}.Debug|Any CPU.ActiveCfg = Debug|Any CPU
		{1EDC8582-2B2C-4CBD-93FB-E4CBD85DC8CD}.Debug|Any CPU.Build.0 = Debug|Any CPU
		{1EDC8582-2B2C-4CBD-93FB-E4CBD85DC8CD}.Release|Any CPU.ActiveCfg = Release|Any CPU
		{1EDC8582-2B2C-4CBD-93FB-E4CBD85DC8CD}.Release|Any CPU.Build.0 = Release|Any CPU
# War3Net.Build.Core
		{D0149A53-7CED-4D50-9A9C-42EE41688829}.Debug|Any CPU.ActiveCfg = Debug|Any CPU
		{D0149A53-7CED-4D50-9A9C-42EE41688829}.Debug|Any CPU.Build.0 = Debug|Any CPU
		{D0149A53-7CED-4D50-9A9C-42EE41688829}.Release|Any CPU.ActiveCfg = Release|Any CPU
		{D0149A53-7CED-4D50-9A9C-42EE41688829}.Release|Any CPU.Build.0 = Release|Any CPU
# War3Net.CodeAnalysis.Decompilers
		{64A4A189-398F-4A73-B770-D50A7EF1D8B3}.Debug|Any CPU.ActiveCfg = Debug|Any CPU
		{64A4A189-398F-4A73-B770-D50A7EF1D8B3}.Debug|Any CPU.Build.0 = Debug|Any CPU
		{64A4A189-398F-4A73-B770-D50A7EF1D8B3}.Release|Any CPU.ActiveCfg = Release|Any CPU
		{64A4A189-398F-4A73-B770-D50A7EF1D8B3}.Release|Any CPU.Build.0 = Release|Any CPU
# War3Net.CodeAnalysis.Jass
		{7C1425CC-E4C4-4EBF-B645-22D4775DC03A}.Debug|Any CPU.ActiveCfg = Debug|Any CPU
		{7C1425CC-E4C4-4EBF-B645-22D4775DC03A}.Debug|Any CPU.Build.0 = Debug|Any CPU
		{7C1425CC-E4C4-4EBF-B645-22D4775DC03A}.Release|Any CPU.ActiveCfg = Release|Any CPU
		{7C1425CC-E4C4-4EBF-B645-22D4775DC03A}.Release|Any CPU.Build.0 = Release|Any CPU
# War3Net.CodeAnalysis.Transpilers
		{3B5CB7A3-EAA7-47A5-9866-DC692541EEC3}.Debug|Any CPU.ActiveCfg = Debug|Any CPU
		{3B5CB7A3-EAA7-47A5-9866-DC692541EEC3}.Debug|Any CPU.Build.0 = Debug|Any CPU
		{3B5CB7A3-EAA7-47A5-9866-DC692541EEC3}.Release|Any CPU.ActiveCfg = Release|Any CPU
		{3B5CB7A3-EAA7-47A5-9866-DC692541EEC3}.Release|Any CPU.Build.0 = Release|Any CPU
# War3Net.Common
		{2BB2862E-F10C-48DD-97C2-B508E425BD5E}.Debug|Any CPU.ActiveCfg = Debug|Any CPU
		{2BB2862E-F10C-48DD-97C2-B508E425BD5E}.Debug|Any CPU.Build.0 = Debug|Any CPU
		{2BB2862E-F10C-48DD-97C2-B508E425BD5E}.Release|Any CPU.ActiveCfg = Release|Any CPU
		{2BB2862E-F10C-48DD-97C2-B508E425BD5E}.Release|Any CPU.Build.0 = Release|Any CPU
# War3Net.Drawing.Blp
		{75A5929C-4828-4C97-858C-0893840C27C8}.Debug|Any CPU.ActiveCfg = Debug|Any CPU
		{75A5929C-4828-4C97-858C-0893840C27C8}.Debug|Any CPU.Build.0 = Debug|Any CPU
		{75A5929C-4828-4C97-858C-0893840C27C8}.Release|Any CPU.ActiveCfg = Release|Any CPU
		{75A5929C-4828-4C97-858C-0893840C27C8}.Release|Any CPU.Build.0 = Release|Any CPU
# War3Net.IO.Compression
		{E7055A8C-A27B-4AC4-91EB-70DA65D4C385}.Debug|Any CPU.ActiveCfg = Debug|Any CPU
		{E7055A8C-A27B-4AC4-91EB-70DA65D4C385}.Debug|Any CPU.Build.0 = Debug|Any CPU
		{E7055A8C-A27B-4AC4-91EB-70DA65D4C385}.Release|Any CPU.ActiveCfg = Release|Any CPU
		{E7055A8C-A27B-4AC4-91EB-70DA65D4C385}.Release|Any CPU.Build.0 = Release|Any CPU
# War3Net.IO.Mpq
		{BB33E313-B458-45AE-A18E-C0978C14CC43}.Debug|Any CPU.ActiveCfg = Debug|Any CPU
		{BB33E313-B458-45AE-A18E-C0978C14CC43}.Debug|Any CPU.Build.0 = Debug|Any CPU
		{BB33E313-B458-45AE-A18E-C0978C14CC43}.Release|Any CPU.ActiveCfg = Release|Any CPU
		{BB33E313-B458-45AE-A18E-C0978C14CC43}.Release|Any CPU.Build.0 = Release|Any CPU
# War3Net.IO.Slk
		{D1328289-F479-4181-8528-142A6AA50D8B}.Debug|Any CPU.ActiveCfg = Debug|Any CPU
		{D1328289-F479-4181-8528-142A6AA50D8B}.Debug|Any CPU.Build.0 = Debug|Any CPU
		{D1328289-F479-4181-8528-142A6AA50D8B}.Release|Any CPU.ActiveCfg = Release|Any CPU
		{D1328289-F479-4181-8528-142A6AA50D8B}.Release|Any CPU.Build.0 = Release|Any CPU
# War3Net.Modeling
		{C22C827D-7D88-4E6D-AC8A-2692979E2E53}.Debug|Any CPU.ActiveCfg = Debug|Any CPU
		{C22C827D-7D88-4E6D-AC8A-2692979E2E53}.Debug|Any CPU.Build.0 = Debug|Any CPU
		{C22C827D-7D88-4E6D-AC8A-2692979E2E53}.Release|Any CPU.ActiveCfg = Release|Any CPU
		{C22C827D-7D88-4E6D-AC8A-2692979E2E53}.Release|Any CPU.Build.0 = Release|Any CPU
# War3Net.Rendering
		{D769C1C7-543A-43CC-B5BA-9810066FC37A}.Debug|Any CPU.ActiveCfg = Debug|Any CPU
		{D769C1C7-543A-43CC-B5BA-9810066FC37A}.Debug|Any CPU.Build.0 = Debug|Any CPU
		{D769C1C7-543A-43CC-B5BA-9810066FC37A}.Release|Any CPU.ActiveCfg = Release|Any CPU
		{D769C1C7-543A-43CC-B5BA-9810066FC37A}.Release|Any CPU.Build.0 = Release|Any CPU
# War3Net.Replay
		{B158ED8F-9BFE-46FD-A39C-C3102CA52C95}.Debug|Any CPU.ActiveCfg = Debug|Any CPU
		{B158ED8F-9BFE-46FD-A39C-C3102CA52C95}.Debug|Any CPU.Build.0 = Debug|Any CPU
		{B158ED8F-9BFE-46FD-A39C-C3102CA52C95}.Release|Any CPU.ActiveCfg = Release|Any CPU
		{B158ED8F-9BFE-46FD-A39C-C3102CA52C95}.Release|Any CPU.Build.0 = Release|Any CPU
# War3Net.Runtime
		{4A28E76B-DBA7-47A0-AF60-82AB72DA4CE1}.Debug|Any CPU.ActiveCfg = Debug|Any CPU
		{4A28E76B-DBA7-47A0-AF60-82AB72DA4CE1}.Debug|Any CPU.Build.0 = Debug|Any CPU
		{4A28E76B-DBA7-47A0-AF60-82AB72DA4CE1}.Release|Any CPU.ActiveCfg = Release|Any CPU
		{4A28E76B-DBA7-47A0-AF60-82AB72DA4CE1}.Release|Any CPU.Build.0 = Release|Any CPU
# War3Net.Runtime.Api.Blizzard
		{059EB9A6-AAD2-4A05-AFC2-EB8EF5B15AF9}.Debug|Any CPU.ActiveCfg = Debug|Any CPU
		{059EB9A6-AAD2-4A05-AFC2-EB8EF5B15AF9}.Debug|Any CPU.Build.0 = Debug|Any CPU
		{059EB9A6-AAD2-4A05-AFC2-EB8EF5B15AF9}.Release|Any CPU.ActiveCfg = Release|Any CPU
		{059EB9A6-AAD2-4A05-AFC2-EB8EF5B15AF9}.Release|Any CPU.Build.0 = Release|Any CPU
# War3Net.Runtime.Api.Common
		{6CEF015B-2711-47D9-BF80-5029AFDBCD56}.Debug|Any CPU.ActiveCfg = Debug|Any CPU
		{6CEF015B-2711-47D9-BF80-5029AFDBCD56}.Debug|Any CPU.Build.0 = Debug|Any CPU
		{6CEF015B-2711-47D9-BF80-5029AFDBCD56}.Release|Any CPU.ActiveCfg = Release|Any CPU
		{6CEF015B-2711-47D9-BF80-5029AFDBCD56}.Release|Any CPU.Build.0 = Release|Any CPU
# War3Net.Runtime.Core
		{3D4A9962-8F62-4783-A01D-9F15970F3B3A}.Debug|Any CPU.ActiveCfg = Debug|Any CPU
		{3D4A9962-8F62-4783-A01D-9F15970F3B3A}.Debug|Any CPU.Build.0 = Debug|Any CPU
		{3D4A9962-8F62-4783-A01D-9F15970F3B3A}.Release|Any CPU.ActiveCfg = Release|Any CPU
		{3D4A9962-8F62-4783-A01D-9F15970F3B3A}.Release|Any CPU.Build.0 = Release|Any CPU
		
# tests
# War3Net.Build.Tests
		{BC48D49B-4C20-4122-BD31-D88B2421DAD8}.Debug|Any CPU.ActiveCfg = Debug|Any CPU
		{BC48D49B-4C20-4122-BD31-D88B2421DAD8}.Debug|Any CPU.Build.0 = Debug|Any CPU
		{BC48D49B-4C20-4122-BD31-D88B2421DAD8}.Release|Any CPU.ActiveCfg = Release|Any CPU
		{BC48D49B-4C20-4122-BD31-D88B2421DAD8}.Release|Any CPU.Build.0 = Release|Any CPU
# War3Net.Build.Core.Tests
		{C3305DA3-271C-472A-A873-B9DF0DF237CD}.Debug|Any CPU.ActiveCfg = Debug|Any CPU
		{C3305DA3-271C-472A-A873-B9DF0DF237CD}.Debug|Any CPU.Build.0 = Debug|Any CPU
		{C3305DA3-271C-472A-A873-B9DF0DF237CD}.Release|Any CPU.ActiveCfg = Release|Any CPU
		{C3305DA3-271C-472A-A873-B9DF0DF237CD}.Release|Any CPU.Build.0 = Release|Any CPU
# War3Net.CodeAnalysis.Decompilers.Tests
		{09465B00-FAE7-4329-895C-184A5628C6E5}.Debug|Any CPU.ActiveCfg = Debug|Any CPU
		{09465B00-FAE7-4329-895C-184A5628C6E5}.Debug|Any CPU.Build.0 = Debug|Any CPU
		{09465B00-FAE7-4329-895C-184A5628C6E5}.Release|Any CPU.ActiveCfg = Release|Any CPU
		{09465B00-FAE7-4329-895C-184A5628C6E5}.Release|Any CPU.Build.0 = Release|Any CPU
# War3Net.CodeAnalysis.Jass.Tests
		{6A8D67F1-D8C1-410D-A894-0F918E65F5C3}.Debug|Any CPU.ActiveCfg = Debug|Any CPU
		{6A8D67F1-D8C1-410D-A894-0F918E65F5C3}.Debug|Any CPU.Build.0 = Debug|Any CPU
		{6A8D67F1-D8C1-410D-A894-0F918E65F5C3}.Release|Any CPU.ActiveCfg = Release|Any CPU
		{6A8D67F1-D8C1-410D-A894-0F918E65F5C3}.Release|Any CPU.Build.0 = Release|Any CPU
# War3Net.CodeAnalysis.Transpilers.Tests
		{CC45BB6F-FAE6-4E89-A184-025221BD0CBA}.Debug|Any CPU.ActiveCfg = Debug|Any CPU
		{CC45BB6F-FAE6-4E89-A184-025221BD0CBA}.Debug|Any CPU.Build.0 = Debug|Any CPU
		{CC45BB6F-FAE6-4E89-A184-025221BD0CBA}.Release|Any CPU.ActiveCfg = Release|Any CPU
		{CC45BB6F-FAE6-4E89-A184-025221BD0CBA}.Release|Any CPU.Build.0 = Release|Any CPU
# War3Net.Common.Tests
		{946A1A91-2643-412C-BE53-FEDEAE0B9C39}.Debug|Any CPU.ActiveCfg = Debug|Any CPU
		{946A1A91-2643-412C-BE53-FEDEAE0B9C39}.Debug|Any CPU.Build.0 = Debug|Any CPU
		{946A1A91-2643-412C-BE53-FEDEAE0B9C39}.Release|Any CPU.ActiveCfg = Release|Any CPU
		{946A1A91-2643-412C-BE53-FEDEAE0B9C39}.Release|Any CPU.Build.0 = Release|Any CPU
# War3Net.Drawing.Blp.Tests
		{F5FBAAFE-0010-4333-8D34-39ACF94B6D52}.Debug|Any CPU.ActiveCfg = Debug|Any CPU
		{F5FBAAFE-0010-4333-8D34-39ACF94B6D52}.Debug|Any CPU.Build.0 = Debug|Any CPU
		{F5FBAAFE-0010-4333-8D34-39ACF94B6D52}.Release|Any CPU.ActiveCfg = Release|Any CPU
		{F5FBAAFE-0010-4333-8D34-39ACF94B6D52}.Release|Any CPU.Build.0 = Release|Any CPU
# War3Net.IO.Compression.Tests
		{491F3BD8-659E-4C07-9D8F-4593B0E7A0A9}.Debug|Any CPU.ActiveCfg = Debug|Any CPU
		{491F3BD8-659E-4C07-9D8F-4593B0E7A0A9}.Debug|Any CPU.Build.0 = Debug|Any CPU
		{491F3BD8-659E-4C07-9D8F-4593B0E7A0A9}.Release|Any CPU.ActiveCfg = Release|Any CPU
		{491F3BD8-659E-4C07-9D8F-4593B0E7A0A9}.Release|Any CPU.Build.0 = Release|Any CPU
# War3Net.IO.Mpq.Tests
		{09C7D345-4AD5-431B-8D2D-E0F766C89196}.Debug|Any CPU.ActiveCfg = Debug|Any CPU
		{09C7D345-4AD5-431B-8D2D-E0F766C89196}.Debug|Any CPU.Build.0 = Debug|Any CPU
		{09C7D345-4AD5-431B-8D2D-E0F766C89196}.Release|Any CPU.ActiveCfg = Release|Any CPU
		{09C7D345-4AD5-431B-8D2D-E0F766C89196}.Release|Any CPU.Build.0 = Release|Any CPU
# War3Net.IO.Slk.Tests
		{6824E77A-F57A-4899-B862-BA35B2B12958}.Debug|Any CPU.ActiveCfg = Debug|Any CPU
		{6824E77A-F57A-4899-B862-BA35B2B12958}.Debug|Any CPU.Build.0 = Debug|Any CPU
		{6824E77A-F57A-4899-B862-BA35B2B12958}.Release|Any CPU.ActiveCfg = Release|Any CPU
		{6824E77A-F57A-4899-B862-BA35B2B12958}.Release|Any CPU.Build.0 = Release|Any CPU
# War3Net.Modeling.Tests
		{76E0C475-8882-4675-BCBB-B79B2291D5C5}.Debug|Any CPU.ActiveCfg = Debug|Any CPU
		{76E0C475-8882-4675-BCBB-B79B2291D5C5}.Debug|Any CPU.Build.0 = Debug|Any CPU
		{76E0C475-8882-4675-BCBB-B79B2291D5C5}.Release|Any CPU.ActiveCfg = Release|Any CPU
		{76E0C475-8882-4675-BCBB-B79B2291D5C5}.Release|Any CPU.Build.0 = Release|Any CPU
# War3Net.Rendering.Tests
		{7ECDE15C-B8A0-4DBC-8C29-EFFEB04449F6}.Debug|Any CPU.ActiveCfg = Debug|Any CPU
		{7ECDE15C-B8A0-4DBC-8C29-EFFEB04449F6}.Debug|Any CPU.Build.0 = Debug|Any CPU
		{7ECDE15C-B8A0-4DBC-8C29-EFFEB04449F6}.Release|Any CPU.ActiveCfg = Release|Any CPU
		{7ECDE15C-B8A0-4DBC-8C29-EFFEB04449F6}.Release|Any CPU.Build.0 = Release|Any CPU
# War3Net.Replay.Tests
		{B9D05909-690F-47DB-8AD5-BC26DB3D9918}.Debug|Any CPU.ActiveCfg = Debug|Any CPU
		{B9D05909-690F-47DB-8AD5-BC26DB3D9918}.Debug|Any CPU.Build.0 = Debug|Any CPU
		{B9D05909-690F-47DB-8AD5-BC26DB3D9918}.Release|Any CPU.ActiveCfg = Release|Any CPU
		{B9D05909-690F-47DB-8AD5-BC26DB3D9918}.Release|Any CPU.Build.0 = Release|Any CPU
# War3Net.Runtime.Tests
		{CF0BC392-23CC-4C63-BE1C-7B8D338EA08F}.Debug|Any CPU.ActiveCfg = Debug|Any CPU
		{CF0BC392-23CC-4C63-BE1C-7B8D338EA08F}.Debug|Any CPU.Build.0 = Debug|Any CPU
		{CF0BC392-23CC-4C63-BE1C-7B8D338EA08F}.Release|Any CPU.ActiveCfg = Release|Any CPU
		{CF0BC392-23CC-4C63-BE1C-7B8D338EA08F}.Release|Any CPU.Build.0 = Release|Any CPU
# War3Net.Runtime.Api.Blizzard.Tests
		{551E2D80-CD07-43D5-A62F-78B5F9CEC901}.Debug|Any CPU.ActiveCfg = Debug|Any CPU
		{551E2D80-CD07-43D5-A62F-78B5F9CEC901}.Debug|Any CPU.Build.0 = Debug|Any CPU
		{551E2D80-CD07-43D5-A62F-78B5F9CEC901}.Release|Any CPU.ActiveCfg = Release|Any CPU
		{551E2D80-CD07-43D5-A62F-78B5F9CEC901}.Release|Any CPU.Build.0 = Release|Any CPU
# War3Net.Runtime.Api.Common.Tests
		{BA4DA988-4335-40FC-85A4-906E7B67B955}.Debug|Any CPU.ActiveCfg = Debug|Any CPU
		{BA4DA988-4335-40FC-85A4-906E7B67B955}.Debug|Any CPU.Build.0 = Debug|Any CPU
		{BA4DA988-4335-40FC-85A4-906E7B67B955}.Release|Any CPU.ActiveCfg = Release|Any CPU
		{BA4DA988-4335-40FC-85A4-906E7B67B955}.Release|Any CPU.Build.0 = Release|Any CPU
# War3Net.Runtime.Core.Tests
		{8B06B247-8D3A-491A-8275-6A2AB6DAFAB6}.Debug|Any CPU.ActiveCfg = Debug|Any CPU
		{8B06B247-8D3A-491A-8275-6A2AB6DAFAB6}.Debug|Any CPU.Build.0 = Debug|Any CPU
		{8B06B247-8D3A-491A-8275-6A2AB6DAFAB6}.Release|Any CPU.ActiveCfg = Release|Any CPU
		{8B06B247-8D3A-491A-8275-6A2AB6DAFAB6}.Release|Any CPU.Build.0 = Release|Any CPU
# War3Net.TestTools.UnitTesting
		{46DD6F2E-B864-4E30-B3EC-8EEFD1049E27}.Debug|Any CPU.ActiveCfg = Debug|Any CPU
		{46DD6F2E-B864-4E30-B3EC-8EEFD1049E27}.Debug|Any CPU.Build.0 = Debug|Any CPU
		{46DD6F2E-B864-4E30-B3EC-8EEFD1049E27}.Release|Any CPU.ActiveCfg = Release|Any CPU
		{46DD6F2E-B864-4E30-B3EC-8EEFD1049E27}.Release|Any CPU.Build.0 = Release|Any CPU

# perf
# War3Net.CodeAnalysis.Jass.Benchmarks
		{17735E26-A27E-42E1-ACC0-6C663207BA97}.Debug|Any CPU.ActiveCfg = Debug|Any CPU
		{17735E26-A27E-42E1-ACC0-6C663207BA97}.Debug|Any CPU.Build.0 = Debug|Any CPU
		{17735E26-A27E-42E1-ACC0-6C663207BA97}.Release|Any CPU.ActiveCfg = Release|Any CPU
		{17735E26-A27E-42E1-ACC0-6C663207BA97}.Release|Any CPU.Build.0 = Release|Any CPU
# War3Net.Drawing.Blp.Benchmarks
		{B69FBE66-5A00-4ECA-92C9-DEC996655F4E}.Debug|Any CPU.ActiveCfg = Debug|Any CPU
		{B69FBE66-5A00-4ECA-92C9-DEC996655F4E}.Debug|Any CPU.Build.0 = Debug|Any CPU
		{B69FBE66-5A00-4ECA-92C9-DEC996655F4E}.Release|Any CPU.ActiveCfg = Release|Any CPU
		{B69FBE66-5A00-4ECA-92C9-DEC996655F4E}.Release|Any CPU.Build.0 = Release|Any CPU
# War3Net.Modeling.Benchmarks
		{A3C35C70-B08C-4673-8120-A3D31B7F81CE}.Debug|Any CPU.ActiveCfg = Debug|Any CPU
		{A3C35C70-B08C-4673-8120-A3D31B7F81CE}.Debug|Any CPU.Build.0 = Debug|Any CPU
		{A3C35C70-B08C-4673-8120-A3D31B7F81CE}.Release|Any CPU.ActiveCfg = Release|Any CPU
		{A3C35C70-B08C-4673-8120-A3D31B7F81CE}.Release|Any CPU.Build.0 = Release|Any CPU
# War3Net.Runtime.Benchmarks
		{020F9BD0-FE06-4575-8952-82090673A0DD}.Debug|Any CPU.ActiveCfg = Debug|Any CPU
		{020F9BD0-FE06-4575-8952-82090673A0DD}.Debug|Any CPU.Build.0 = Debug|Any CPU
		{020F9BD0-FE06-4575-8952-82090673A0DD}.Release|Any CPU.ActiveCfg = Release|Any CPU
		{020F9BD0-FE06-4575-8952-82090673A0DD}.Release|Any CPU.Build.0 = Release|Any CPU

# submodules
# CSharp.lua
		{95DF76BF-DA2D-4AC0-84F6-C3A7C7E36448}.Debug|Any CPU.ActiveCfg = Debug|Any CPU
		{95DF76BF-DA2D-4AC0-84F6-C3A7C7E36448}.Debug|Any CPU.Build.0 = Debug|Any CPU
		{95DF76BF-DA2D-4AC0-84F6-C3A7C7E36448}.Release|Any CPU.ActiveCfg = Release|Any CPU
		{95DF76BF-DA2D-4AC0-84F6-C3A7C7E36448}.Release|Any CPU.Build.0 = Release|Any CPU
# CSharp.lua.CoreSystem
		{E1533516-FE29-4F48-A402-4308E8CC3882}.Debug|Any CPU.ActiveCfg = Debug|Any CPU
		{E1533516-FE29-4F48-A402-4308E8CC3882}.Debug|Any CPU.Build.0 = Debug|Any CPU
		{E1533516-FE29-4F48-A402-4308E8CC3882}.Release|Any CPU.ActiveCfg = Release|Any CPU
		{E1533516-FE29-4F48-A402-4308E8CC3882}.Release|Any CPU.Build.0 = Release|Any CPU
# FastMDX
		{81EC1CD4-62F5-4657-8901-CA2AA18D026C}.Debug|Any CPU.ActiveCfg = Debug|Any CPU
		{81EC1CD4-62F5-4657-8901-CA2AA18D026C}.Debug|Any CPU.Build.0 = Debug|Any CPU
		{81EC1CD4-62F5-4657-8901-CA2AA18D026C}.Release|Any CPU.ActiveCfg = Release|Any CPU
		{81EC1CD4-62F5-4657-8901-CA2AA18D026C}.Release|Any CPU.Build.0 = Release|Any CPU

	EndGlobalSection
	GlobalSection(SolutionProperties) = preSolution
		HideSolutionNode = FALSE
	EndGlobalSection
	GlobalSection(NestedProjects) = preSolution

# src
		{1EDC8582-2B2C-4CBD-93FB-E4CBD85DC8CD} = {14550F94-CB5A-40D1-95C7-6DBEFA3E96AC}
		{D0149A53-7CED-4D50-9A9C-42EE41688829} = {14550F94-CB5A-40D1-95C7-6DBEFA3E96AC}
		{64A4A189-398F-4A73-B770-D50A7EF1D8B3} = {14550F94-CB5A-40D1-95C7-6DBEFA3E96AC}
		{7C1425CC-E4C4-4EBF-B645-22D4775DC03A} = {14550F94-CB5A-40D1-95C7-6DBEFA3E96AC}
		{3B5CB7A3-EAA7-47A5-9866-DC692541EEC3} = {14550F94-CB5A-40D1-95C7-6DBEFA3E96AC}
		{2BB2862E-F10C-48DD-97C2-B508E425BD5E} = {14550F94-CB5A-40D1-95C7-6DBEFA3E96AC}
		{75A5929C-4828-4C97-858C-0893840C27C8} = {14550F94-CB5A-40D1-95C7-6DBEFA3E96AC}
		{E7055A8C-A27B-4AC4-91EB-70DA65D4C385} = {14550F94-CB5A-40D1-95C7-6DBEFA3E96AC}
		{BB33E313-B458-45AE-A18E-C0978C14CC43} = {14550F94-CB5A-40D1-95C7-6DBEFA3E96AC}
		{D1328289-F479-4181-8528-142A6AA50D8B} = {14550F94-CB5A-40D1-95C7-6DBEFA3E96AC}
		{C22C827D-7D88-4E6D-AC8A-2692979E2E53} = {14550F94-CB5A-40D1-95C7-6DBEFA3E96AC}
		{D769C1C7-543A-43CC-B5BA-9810066FC37A} = {14550F94-CB5A-40D1-95C7-6DBEFA3E96AC}
		{B158ED8F-9BFE-46FD-A39C-C3102CA52C95} = {14550F94-CB5A-40D1-95C7-6DBEFA3E96AC}
		{4A28E76B-DBA7-47A0-AF60-82AB72DA4CE1} = {14550F94-CB5A-40D1-95C7-6DBEFA3E96AC}
		{059EB9A6-AAD2-4A05-AFC2-EB8EF5B15AF9} = {14550F94-CB5A-40D1-95C7-6DBEFA3E96AC}
		{6CEF015B-2711-47D9-BF80-5029AFDBCD56} = {14550F94-CB5A-40D1-95C7-6DBEFA3E96AC}
		{3D4A9962-8F62-4783-A01D-9F15970F3B3A} = {14550F94-CB5A-40D1-95C7-6DBEFA3E96AC}

# tests
		{BC48D49B-4C20-4122-BD31-D88B2421DAD8} = {11A2CA17-F0A5-416A-B80D-794D67A49891}
		{C3305DA3-271C-472A-A873-B9DF0DF237CD} = {11A2CA17-F0A5-416A-B80D-794D67A49891}
		{09465B00-FAE7-4329-895C-184A5628C6E5} = {11A2CA17-F0A5-416A-B80D-794D67A49891}
		{6A8D67F1-D8C1-410D-A894-0F918E65F5C3} = {11A2CA17-F0A5-416A-B80D-794D67A49891}
		{CC45BB6F-FAE6-4E89-A184-025221BD0CBA} = {11A2CA17-F0A5-416A-B80D-794D67A49891}
		{946A1A91-2643-412C-BE53-FEDEAE0B9C39} = {11A2CA17-F0A5-416A-B80D-794D67A49891}
		{F5FBAAFE-0010-4333-8D34-39ACF94B6D52} = {11A2CA17-F0A5-416A-B80D-794D67A49891}
		{491F3BD8-659E-4C07-9D8F-4593B0E7A0A9} = {11A2CA17-F0A5-416A-B80D-794D67A49891}
		{09C7D345-4AD5-431B-8D2D-E0F766C89196} = {11A2CA17-F0A5-416A-B80D-794D67A49891}
		{6824E77A-F57A-4899-B862-BA35B2B12958} = {11A2CA17-F0A5-416A-B80D-794D67A49891}
		{76E0C475-8882-4675-BCBB-B79B2291D5C5} = {11A2CA17-F0A5-416A-B80D-794D67A49891}
		{7ECDE15C-B8A0-4DBC-8C29-EFFEB04449F6} = {11A2CA17-F0A5-416A-B80D-794D67A49891}
		{B9D05909-690F-47DB-8AD5-BC26DB3D9918} = {11A2CA17-F0A5-416A-B80D-794D67A49891}
		{CF0BC392-23CC-4C63-BE1C-7B8D338EA08F} = {11A2CA17-F0A5-416A-B80D-794D67A49891}
		{551E2D80-CD07-43D5-A62F-78B5F9CEC901} = {11A2CA17-F0A5-416A-B80D-794D67A49891}
		{BA4DA988-4335-40FC-85A4-906E7B67B955} = {11A2CA17-F0A5-416A-B80D-794D67A49891}
		{8B06B247-8D3A-491A-8275-6A2AB6DAFAB6} = {11A2CA17-F0A5-416A-B80D-794D67A49891}
		{46DD6F2E-B864-4E30-B3EC-8EEFD1049E27} = {11A2CA17-F0A5-416A-B80D-794D67A49891}

# perf
		{17735E26-A27E-42E1-ACC0-6C663207BA97} = {A43B6E7E-5DCB-4CC4-9FB5-51F9FC3A69E9}
		{B69FBE66-5A00-4ECA-92C9-DEC996655F4E} = {A43B6E7E-5DCB-4CC4-9FB5-51F9FC3A69E9}
		{A3C35C70-B08C-4673-8120-A3D31B7F81CE} = {A43B6E7E-5DCB-4CC4-9FB5-51F9FC3A69E9}
		{020F9BD0-FE06-4575-8952-82090673A0DD} = {A43B6E7E-5DCB-4CC4-9FB5-51F9FC3A69E9}

# submodules
		{95DF76BF-DA2D-4AC0-84F6-C3A7C7E36448} = {F40BB975-CDB3-46FC-B152-B9F107CD3476}
		{E1533516-FE29-4F48-A402-4308E8CC3882} = {F40BB975-CDB3-46FC-B152-B9F107CD3476}
		{81EC1CD4-62F5-4657-8901-CA2AA18D026C} = {F40BB975-CDB3-46FC-B152-B9F107CD3476}

	EndGlobalSection
	GlobalSection(ExtensibilityGlobals) = postSolution
		SolutionGuid = {318B261C-6F0C-4B3B-B29E-2990956B9D01}
	EndGlobalSection
EndGlobal
