
Microsoft Visual Studio Solution File, Format Version 12.00
# Visual Studio Version 16
VisualStudioVersion = 16.0.29020.237
MinimumVisualStudioVersion = 10.0.40219.1
Project("{9A19103F-16F7-4668-BE54-9A1E7A4F7556}") = "War3Net.IO.Mpq", "War3Net.IO.Mpq\War3Net.IO.Mpq.csproj", "{BB33E313-B458-45AE-A18E-C0978C14CC43}"
EndProject
Project("{9A19103F-16F7-4668-BE54-9A1E7A4F7556}") = "War3Net.Drawing.Blp", "War3Net.Drawing.Blp\War3Net.Drawing.Blp.csproj", "{75A5929C-4828-4C97-858C-0893840C27C8}"
EndProject
Project("{9A19103F-16F7-4668-BE54-9A1E7A4F7556}") = "War3Net.Drawing.Blp.Tests", "War3Net.Drawing.Blp.Tests\War3Net.Drawing.Blp.Tests.csproj", "{F5FBAAFE-0010-4333-8D34-39ACF94B6D52}"
	ProjectSection(ProjectDependencies) = postProject
		{75A5929C-4828-4C97-858C-0893840C27C8} = {75A5929C-4828-4C97-858C-0893840C27C8}
	EndProjectSection
EndProject
Project("{9A19103F-16F7-4668-BE54-9A1E7A4F7556}") = "War3Net.Drawing.Tga", "War3Net.Drawing.Tga\War3Net.Drawing.Tga.csproj", "{FC21AC42-5F24-4CE5-9046-027DF1693FFA}"
EndProject
Project("{9A19103F-16F7-4668-BE54-9A1E7A4F7556}") = "War3Net.Drawing.Tga.Tests", "War3Net.Drawing.Tga.Tests\War3Net.Drawing.Tga.Tests.csproj", "{22285811-FF4E-49DA-89BC-84B8CAAA03C1}"
	ProjectSection(ProjectDependencies) = postProject
		{FC21AC42-5F24-4CE5-9046-027DF1693FFA} = {FC21AC42-5F24-4CE5-9046-027DF1693FFA}
	EndProjectSection
EndProject
Project("{9A19103F-16F7-4668-BE54-9A1E7A4F7556}") = "War3Net.IO.Mpq.Tests", "War3Net.IO.Mpq.Tests\War3Net.IO.Mpq.Tests.csproj", "{09C7D345-4AD5-431B-8D2D-E0F766C89196}"
EndProject
Project("{FAE04EC0-301F-11D3-BF4B-00C04F79EFBC}") = "War3Net.CodeAnalysis.Jass", "War3Net.CodeAnalysis.Jass\War3Net.CodeAnalysis.Jass.csproj", "{7C1425CC-E4C4-4EBF-B645-22D4775DC03A}"
EndProject
Project("{FAE04EC0-301F-11D3-BF4B-00C04F79EFBC}") = "War3Net.CodeAnalysis.Jass.Tests", "War3Net.CodeAnalysis.Jass.Tests\War3Net.CodeAnalysis.Jass.Tests.csproj", "{6A8D67F1-D8C1-410D-A894-0F918E65F5C3}"
EndProject
Global
	GlobalSection(SolutionConfigurationPlatforms) = preSolution
		Debug|Any CPU = Debug|Any CPU
		Release|Any CPU = Release|Any CPU
	EndGlobalSection
	GlobalSection(ProjectConfigurationPlatforms) = postSolution
		{BB33E313-B458-45AE-A18E-C0978C14CC43}.Debug|Any CPU.ActiveCfg = Debug|Any CPU
		{BB33E313-B458-45AE-A18E-C0978C14CC43}.Debug|Any CPU.Build.0 = Debug|Any CPU
		{BB33E313-B458-45AE-A18E-C0978C14CC43}.Release|Any CPU.ActiveCfg = Release|Any CPU
		{BB33E313-B458-45AE-A18E-C0978C14CC43}.Release|Any CPU.Build.0 = Release|Any CPU
		{75A5929C-4828-4C97-858C-0893840C27C8}.Debug|Any CPU.ActiveCfg = Debug|Any CPU
		{75A5929C-4828-4C97-858C-0893840C27C8}.Debug|Any CPU.Build.0 = Debug|Any CPU
		{75A5929C-4828-4C97-858C-0893840C27C8}.Release|Any CPU.ActiveCfg = Release|Any CPU
		{75A5929C-4828-4C97-858C-0893840C27C8}.Release|Any CPU.Build.0 = Release|Any CPU
		{F5FBAAFE-0010-4333-8D34-39ACF94B6D52}.Debug|Any CPU.ActiveCfg = Debug|Any CPU
		{F5FBAAFE-0010-4333-8D34-39ACF94B6D52}.Debug|Any CPU.Build.0 = Debug|Any CPU
		{F5FBAAFE-0010-4333-8D34-39ACF94B6D52}.Release|Any CPU.ActiveCfg = Release|Any CPU
		{F5FBAAFE-0010-4333-8D34-39ACF94B6D52}.Release|Any CPU.Build.0 = Release|Any CPU
		{FC21AC42-5F24-4CE5-9046-027DF1693FFA}.Debug|Any CPU.ActiveCfg = Debug|Any CPU
		{FC21AC42-5F24-4CE5-9046-027DF1693FFA}.Debug|Any CPU.Build.0 = Debug|Any CPU
		{FC21AC42-5F24-4CE5-9046-027DF1693FFA}.Release|Any CPU.ActiveCfg = Release|Any CPU
		{FC21AC42-5F24-4CE5-9046-027DF1693FFA}.Release|Any CPU.Build.0 = Release|Any CPU
		{22285811-FF4E-49DA-89BC-84B8CAAA03C1}.Debug|Any CPU.ActiveCfg = Debug|Any CPU
		{22285811-FF4E-49DA-89BC-84B8CAAA03C1}.Debug|Any CPU.Build.0 = Debug|Any CPU
		{22285811-FF4E-49DA-89BC-84B8CAAA03C1}.Release|Any CPU.ActiveCfg = Release|Any CPU
		{22285811-FF4E-49DA-89BC-84B8CAAA03C1}.Release|Any CPU.Build.0 = Release|Any CPU
		{09C7D345-4AD5-431B-8D2D-E0F766C89196}.Debug|Any CPU.ActiveCfg = Debug|Any CPU
		{09C7D345-4AD5-431B-8D2D-E0F766C89196}.Debug|Any CPU.Build.0 = Debug|Any CPU
		{09C7D345-4AD5-431B-8D2D-E0F766C89196}.Release|Any CPU.ActiveCfg = Release|Any CPU
		{09C7D345-4AD5-431B-8D2D-E0F766C89196}.Release|Any CPU.Build.0 = Release|Any CPU
		{7C1425CC-E4C4-4EBF-B645-22D4775DC03A}.Debug|Any CPU.ActiveCfg = Debug|Any CPU
		{7C1425CC-E4C4-4EBF-B645-22D4775DC03A}.Debug|Any CPU.Build.0 = Debug|Any CPU
		{7C1425CC-E4C4-4EBF-B645-22D4775DC03A}.Release|Any CPU.ActiveCfg = Release|Any CPU
		{7C1425CC-E4C4-4EBF-B645-22D4775DC03A}.Release|Any CPU.Build.0 = Release|Any CPU
		{6A8D67F1-D8C1-410D-A894-0F918E65F5C3}.Debug|Any CPU.ActiveCfg = Debug|Any CPU
		{6A8D67F1-D8C1-410D-A894-0F918E65F5C3}.Debug|Any CPU.Build.0 = Debug|Any CPU
		{6A8D67F1-D8C1-410D-A894-0F918E65F5C3}.Release|Any CPU.ActiveCfg = Release|Any CPU
		{6A8D67F1-D8C1-410D-A894-0F918E65F5C3}.Release|Any CPU.Build.0 = Release|Any CPU
	EndGlobalSection
	GlobalSection(SolutionProperties) = preSolution
		HideSolutionNode = FALSE
	EndGlobalSection
	GlobalSection(ExtensibilityGlobals) = postSolution
		SolutionGuid = {318B261C-6F0C-4B3B-B29E-2990956B9D01}
	EndGlobalSection
EndGlobal
